// !$*UTF8*$!
{
	archiveVersion = 1;
	classes = {
	};
	objectVersion = 46;
	objects = {

/* Begin PBXBuildFile section */
		B1186464683AADCA150737B5 /* Pods_DailyPicChallenge.framework in Frameworks */ = {isa = PBXBuildFile; fileRef = 93D880F71F3EF384980CC820 /* Pods_DailyPicChallenge.framework */; settings = {ATTRIBUTES = (Required, ); }; };
		CB23306F1B62DFBF00C99A75 /* Challenge.swift in Sources */ = {isa = PBXBuildFile; fileRef = CB23306E1B62DFBF00C99A75 /* Challenge.swift */; };
		CB2330711B63599D00C99A75 /* PostTableViewCell.swift in Sources */ = {isa = PBXBuildFile; fileRef = CB2330701B63599D00C99A75 /* PostTableViewCell.swift */; };
		CB2330731B635F1E00C99A75 /* ParseHelper.swift in Sources */ = {isa = PBXBuildFile; fileRef = CB2330721B635F1E00C99A75 /* ParseHelper.swift */; };
		CB433E9E1B66F76A007A124C /* Vote.swift in Sources */ = {isa = PBXBuildFile; fileRef = CB433E9D1B66F76A007A124C /* Vote.swift */; };
		CB445AE51B717FF8007A5F68 /* Winner.swift in Sources */ = {isa = PBXBuildFile; fileRef = CB445AE41B717FF8007A5F68 /* Winner.swift */; };
		CB445AE71B7183B5007A5F68 /* WinnerViewController.swift in Sources */ = {isa = PBXBuildFile; fileRef = CB445AE61B7183B5007A5F68 /* WinnerViewController.swift */; };
		CB445AE91B718654007A5F68 /* WinnerTableViewCell.swift in Sources */ = {isa = PBXBuildFile; fileRef = CB445AE81B718654007A5F68 /* WinnerTableViewCell.swift */; };
		CB6FCAB71B6BF6F900E2724B /* FlaggedContent.swift in Sources */ = {isa = PBXBuildFile; fileRef = CB6FCAB61B6BF6F900E2724B /* FlaggedContent.swift */; };
		CB7678E61B5D93BF00E91F14 /* AppDelegate.swift in Sources */ = {isa = PBXBuildFile; fileRef = CB7678E51B5D93BF00E91F14 /* AppDelegate.swift */; };
		CB7678EB1B5D93BF00E91F14 /* Main.storyboard in Resources */ = {isa = PBXBuildFile; fileRef = CB7678E91B5D93BF00E91F14 /* Main.storyboard */; };
		CB7678ED1B5D93BF00E91F14 /* Images.xcassets in Resources */ = {isa = PBXBuildFile; fileRef = CB7678EC1B5D93BF00E91F14 /* Images.xcassets */; };
		CB7678F01B5D93BF00E91F14 /* LaunchScreen.xib in Resources */ = {isa = PBXBuildFile; fileRef = CB7678EE1B5D93BF00E91F14 /* LaunchScreen.xib */; };
		CB7678FC1B5D93BF00E91F14 /* DailyPicChallengeTests.swift in Sources */ = {isa = PBXBuildFile; fileRef = CB7678FB1B5D93BF00E91F14 /* DailyPicChallengeTests.swift */; };
		CB7679151B5D940A00E91F14 /* AudioToolbox.framework in Frameworks */ = {isa = PBXBuildFile; fileRef = CB7679141B5D940A00E91F14 /* AudioToolbox.framework */; };
		CB7679171B5D941000E91F14 /* CFNetwork.framework in Frameworks */ = {isa = PBXBuildFile; fileRef = CB7679161B5D941000E91F14 /* CFNetwork.framework */; };
		CB7679191B5D941400E91F14 /* CoreGraphics.framework in Frameworks */ = {isa = PBXBuildFile; fileRef = CB7679181B5D941400E91F14 /* CoreGraphics.framework */; };
		CB76791B1B5D941D00E91F14 /* CoreLocation.framework in Frameworks */ = {isa = PBXBuildFile; fileRef = CB76791A1B5D941D00E91F14 /* CoreLocation.framework */; };
		CB76791D1B5D942400E91F14 /* QuartzCore.framework in Frameworks */ = {isa = PBXBuildFile; fileRef = CB76791C1B5D942400E91F14 /* QuartzCore.framework */; };
		CB76791F1B5D942D00E91F14 /* Security.framework in Frameworks */ = {isa = PBXBuildFile; fileRef = CB76791E1B5D942D00E91F14 /* Security.framework */; };
		CB7679211B5D943200E91F14 /* Social.framework in Frameworks */ = {isa = PBXBuildFile; fileRef = CB7679201B5D943200E91F14 /* Social.framework */; };
		CB7679231B5D943A00E91F14 /* StoreKit.framework in Frameworks */ = {isa = PBXBuildFile; fileRef = CB7679221B5D943A00E91F14 /* StoreKit.framework */; };
		CB7679251B5D944000E91F14 /* SystemConfiguration.framework in Frameworks */ = {isa = PBXBuildFile; fileRef = CB7679241B5D944000E91F14 /* SystemConfiguration.framework */; };
		CB7679271B5D944600E91F14 /* libz.dylib in Frameworks */ = {isa = PBXBuildFile; fileRef = CB7679261B5D944600E91F14 /* libz.dylib */; };
		CB7679291B5D944D00E91F14 /* libsqlite3.dylib in Frameworks */ = {isa = PBXBuildFile; fileRef = CB7679281B5D944D00E91F14 /* libsqlite3.dylib */; };
		CB76792B1B5D95F800E91F14 /* TodaysPicsViewController.swift in Sources */ = {isa = PBXBuildFile; fileRef = CB76792A1B5D95F800E91F14 /* TodaysPicsViewController.swift */; };
		CB76792D1B5D960800E91F14 /* CameraViewController.swift in Sources */ = {isa = PBXBuildFile; fileRef = CB76792C1B5D960800E91F14 /* CameraViewController.swift */; };
		CB76792F1B5EAFA300E91F14 /* Picture.swift in Sources */ = {isa = PBXBuildFile; fileRef = CB76792E1B5EAFA300E91F14 /* Picture.swift */; };
		CB767B171B615FA900E91F14 /* Post.swift in Sources */ = {isa = PBXBuildFile; fileRef = CB767B161B615FA800E91F14 /* Post.swift */; };
		CB88FAF41B6976E00007FBFC /* Bond.framework in Frameworks */ = {isa = PBXBuildFile; fileRef = CB88FAF31B6976E00007FBFC /* Bond.framework */; };
/* End PBXBuildFile section */

/* Begin PBXContainerItemProxy section */
		CB7678F61B5D93BF00E91F14 /* PBXContainerItemProxy */ = {
			isa = PBXContainerItemProxy;
			containerPortal = CB7678D81B5D93BF00E91F14 /* Project object */;
			proxyType = 1;
			remoteGlobalIDString = CB7678DF1B5D93BF00E91F14;
			remoteInfo = DailyPicChallenge;
		};
/* End PBXContainerItemProxy section */

/* Begin PBXFileReference section */
		566C9501149FCB51620BEEF5 /* Pods-DailyPicChallenge.release.xcconfig */ = {isa = PBXFileReference; includeInIndex = 1; lastKnownFileType = text.xcconfig; name = "Pods-DailyPicChallenge.release.xcconfig"; path = "Pods/Target Support Files/Pods-DailyPicChallenge/Pods-DailyPicChallenge.release.xcconfig"; sourceTree = "<group>"; };
		93D880F71F3EF384980CC820 /* Pods_DailyPicChallenge.framework */ = {isa = PBXFileReference; explicitFileType = wrapper.framework; includeInIndex = 0; path = Pods_DailyPicChallenge.framework; sourceTree = BUILT_PRODUCTS_DIR; };
		CB23306E1B62DFBF00C99A75 /* Challenge.swift */ = {isa = PBXFileReference; fileEncoding = 4; lastKnownFileType = sourcecode.swift; path = Challenge.swift; sourceTree = "<group>"; };
		CB2330701B63599D00C99A75 /* PostTableViewCell.swift */ = {isa = PBXFileReference; fileEncoding = 4; lastKnownFileType = sourcecode.swift; path = PostTableViewCell.swift; sourceTree = "<group>"; };
		CB2330721B635F1E00C99A75 /* ParseHelper.swift */ = {isa = PBXFileReference; fileEncoding = 4; lastKnownFileType = sourcecode.swift; path = ParseHelper.swift; sourceTree = "<group>"; };
		CB433E9D1B66F76A007A124C /* Vote.swift */ = {isa = PBXFileReference; fileEncoding = 4; lastKnownFileType = sourcecode.swift; path = Vote.swift; sourceTree = "<group>"; };
		CB445AE41B717FF8007A5F68 /* Winner.swift */ = {isa = PBXFileReference; fileEncoding = 4; lastKnownFileType = sourcecode.swift; path = Winner.swift; sourceTree = "<group>"; };
		CB445AE61B7183B5007A5F68 /* WinnerViewController.swift */ = {isa = PBXFileReference; fileEncoding = 4; lastKnownFileType = sourcecode.swift; path = WinnerViewController.swift; sourceTree = "<group>"; };
		CB445AE81B718654007A5F68 /* WinnerTableViewCell.swift */ = {isa = PBXFileReference; fileEncoding = 4; lastKnownFileType = sourcecode.swift; path = WinnerTableViewCell.swift; sourceTree = "<group>"; };
		CB6FCAB61B6BF6F900E2724B /* FlaggedContent.swift */ = {isa = PBXFileReference; fileEncoding = 4; lastKnownFileType = sourcecode.swift; path = FlaggedContent.swift; sourceTree = "<group>"; };
		CB7678E01B5D93BF00E91F14 /* DailyPicChallenge.app */ = {isa = PBXFileReference; explicitFileType = wrapper.application; includeInIndex = 0; path = DailyPicChallenge.app; sourceTree = BUILT_PRODUCTS_DIR; };
		CB7678E41B5D93BF00E91F14 /* Info.plist */ = {isa = PBXFileReference; lastKnownFileType = text.plist.xml; path = Info.plist; sourceTree = "<group>"; };
		CB7678E51B5D93BF00E91F14 /* AppDelegate.swift */ = {isa = PBXFileReference; lastKnownFileType = sourcecode.swift; path = AppDelegate.swift; sourceTree = "<group>"; };
		CB7678EA1B5D93BF00E91F14 /* Base */ = {isa = PBXFileReference; lastKnownFileType = file.storyboard; name = Base; path = Base.lproj/Main.storyboard; sourceTree = "<group>"; };
		CB7678EC1B5D93BF00E91F14 /* Images.xcassets */ = {isa = PBXFileReference; lastKnownFileType = folder.assetcatalog; path = Images.xcassets; sourceTree = "<group>"; };
		CB7678EF1B5D93BF00E91F14 /* Base */ = {isa = PBXFileReference; lastKnownFileType = file.xib; name = Base; path = Base.lproj/LaunchScreen.xib; sourceTree = "<group>"; };
		CB7678F51B5D93BF00E91F14 /* DailyPicChallengeTests.xctest */ = {isa = PBXFileReference; explicitFileType = wrapper.cfbundle; includeInIndex = 0; path = DailyPicChallengeTests.xctest; sourceTree = BUILT_PRODUCTS_DIR; };
		CB7678FA1B5D93BF00E91F14 /* Info.plist */ = {isa = PBXFileReference; lastKnownFileType = text.plist.xml; path = Info.plist; sourceTree = "<group>"; };
		CB7678FB1B5D93BF00E91F14 /* DailyPicChallengeTests.swift */ = {isa = PBXFileReference; lastKnownFileType = sourcecode.swift; path = DailyPicChallengeTests.swift; sourceTree = "<group>"; };
		CB7679121B5D93FF00E91F14 /* Accounts.framework */ = {isa = PBXFileReference; lastKnownFileType = wrapper.framework; name = Accounts.framework; path = System/Library/Frameworks/Accounts.framework; sourceTree = SDKROOT; };
		CB7679141B5D940A00E91F14 /* AudioToolbox.framework */ = {isa = PBXFileReference; lastKnownFileType = wrapper.framework; name = AudioToolbox.framework; path = System/Library/Frameworks/AudioToolbox.framework; sourceTree = SDKROOT; };
		CB7679161B5D941000E91F14 /* CFNetwork.framework */ = {isa = PBXFileReference; lastKnownFileType = wrapper.framework; name = CFNetwork.framework; path = System/Library/Frameworks/CFNetwork.framework; sourceTree = SDKROOT; };
		CB7679181B5D941400E91F14 /* CoreGraphics.framework */ = {isa = PBXFileReference; lastKnownFileType = wrapper.framework; name = CoreGraphics.framework; path = System/Library/Frameworks/CoreGraphics.framework; sourceTree = SDKROOT; };
		CB76791A1B5D941D00E91F14 /* CoreLocation.framework */ = {isa = PBXFileReference; lastKnownFileType = wrapper.framework; name = CoreLocation.framework; path = System/Library/Frameworks/CoreLocation.framework; sourceTree = SDKROOT; };
		CB76791C1B5D942400E91F14 /* QuartzCore.framework */ = {isa = PBXFileReference; lastKnownFileType = wrapper.framework; name = QuartzCore.framework; path = System/Library/Frameworks/QuartzCore.framework; sourceTree = SDKROOT; };
		CB76791E1B5D942D00E91F14 /* Security.framework */ = {isa = PBXFileReference; lastKnownFileType = wrapper.framework; name = Security.framework; path = System/Library/Frameworks/Security.framework; sourceTree = SDKROOT; };
		CB7679201B5D943200E91F14 /* Social.framework */ = {isa = PBXFileReference; lastKnownFileType = wrapper.framework; name = Social.framework; path = System/Library/Frameworks/Social.framework; sourceTree = SDKROOT; };
		CB7679221B5D943A00E91F14 /* StoreKit.framework */ = {isa = PBXFileReference; lastKnownFileType = wrapper.framework; name = StoreKit.framework; path = System/Library/Frameworks/StoreKit.framework; sourceTree = SDKROOT; };
		CB7679241B5D944000E91F14 /* SystemConfiguration.framework */ = {isa = PBXFileReference; lastKnownFileType = wrapper.framework; name = SystemConfiguration.framework; path = System/Library/Frameworks/SystemConfiguration.framework; sourceTree = SDKROOT; };
		CB7679261B5D944600E91F14 /* libz.dylib */ = {isa = PBXFileReference; lastKnownFileType = "compiled.mach-o.dylib"; name = libz.dylib; path = usr/lib/libz.dylib; sourceTree = SDKROOT; };
		CB7679281B5D944D00E91F14 /* libsqlite3.dylib */ = {isa = PBXFileReference; lastKnownFileType = "compiled.mach-o.dylib"; name = libsqlite3.dylib; path = usr/lib/libsqlite3.dylib; sourceTree = SDKROOT; };
		CB76792A1B5D95F800E91F14 /* TodaysPicsViewController.swift */ = {isa = PBXFileReference; fileEncoding = 4; lastKnownFileType = sourcecode.swift; path = TodaysPicsViewController.swift; sourceTree = "<group>"; };
		CB76792C1B5D960800E91F14 /* CameraViewController.swift */ = {isa = PBXFileReference; fileEncoding = 4; lastKnownFileType = sourcecode.swift; path = CameraViewController.swift; sourceTree = "<group>"; };
		CB76792E1B5EAFA300E91F14 /* Picture.swift */ = {isa = PBXFileReference; fileEncoding = 4; lastKnownFileType = sourcecode.swift; path = Picture.swift; sourceTree = "<group>"; };
		CB767B161B615FA800E91F14 /* Post.swift */ = {isa = PBXFileReference; fileEncoding = 4; lastKnownFileType = sourcecode.swift; path = Post.swift; sourceTree = "<group>"; };
		CB88FAF31B6976E00007FBFC /* Bond.framework */ = {isa = PBXFileReference; lastKnownFileType = wrapper.framework; name = Bond.framework; path = "Pods/../build/Debug-iphoneos/Pods-DailyPicChallenge/Bond.framework"; sourceTree = "<group>"; };
		EFAC237CBF9241288B5465E5 /* Pods-DailyPicChallenge.debug.xcconfig */ = {isa = PBXFileReference; includeInIndex = 1; lastKnownFileType = text.xcconfig; name = "Pods-DailyPicChallenge.debug.xcconfig"; path = "Pods/Target Support Files/Pods-DailyPicChallenge/Pods-DailyPicChallenge.debug.xcconfig"; sourceTree = "<group>"; };
/* End PBXFileReference section */

/* Begin PBXFrameworksBuildPhase section */
		CB7678DD1B5D93BF00E91F14 /* Frameworks */ = {
			isa = PBXFrameworksBuildPhase;
			buildActionMask = 2147483647;
			files = (
				CB88FAF41B6976E00007FBFC /* Bond.framework in Frameworks */,
				CB7679291B5D944D00E91F14 /* libsqlite3.dylib in Frameworks */,
				CB7679271B5D944600E91F14 /* libz.dylib in Frameworks */,
				CB7679251B5D944000E91F14 /* SystemConfiguration.framework in Frameworks */,
				CB7679231B5D943A00E91F14 /* StoreKit.framework in Frameworks */,
				CB7679211B5D943200E91F14 /* Social.framework in Frameworks */,
				CB76791F1B5D942D00E91F14 /* Security.framework in Frameworks */,
				CB76791D1B5D942400E91F14 /* QuartzCore.framework in Frameworks */,
				CB76791B1B5D941D00E91F14 /* CoreLocation.framework in Frameworks */,
				CB7679191B5D941400E91F14 /* CoreGraphics.framework in Frameworks */,
				CB7679171B5D941000E91F14 /* CFNetwork.framework in Frameworks */,
				CB7679151B5D940A00E91F14 /* AudioToolbox.framework in Frameworks */,
				B1186464683AADCA150737B5 /* Pods_DailyPicChallenge.framework in Frameworks */,
			);
			runOnlyForDeploymentPostprocessing = 0;
		};
		CB7678F21B5D93BF00E91F14 /* Frameworks */ = {
			isa = PBXFrameworksBuildPhase;
			buildActionMask = 2147483647;
			files = (
			);
			runOnlyForDeploymentPostprocessing = 0;
		};
/* End PBXFrameworksBuildPhase section */

/* Begin PBXGroup section */
		BEC0722A2A1E5B4599D33971 /* Frameworks */ = {
			isa = PBXGroup;
			children = (
				CB88FAF31B6976E00007FBFC /* Bond.framework */,
				93D880F71F3EF384980CC820 /* Pods_DailyPicChallenge.framework */,
			);
			name = Frameworks;
			sourceTree = "<group>";
		};
		CB7678D71B5D93BF00E91F14 = {
			isa = PBXGroup;
			children = (
				CB7679281B5D944D00E91F14 /* libsqlite3.dylib */,
				CB7679261B5D944600E91F14 /* libz.dylib */,
				CB7679241B5D944000E91F14 /* SystemConfiguration.framework */,
				CB7679221B5D943A00E91F14 /* StoreKit.framework */,
				CB7679201B5D943200E91F14 /* Social.framework */,
				CB76791E1B5D942D00E91F14 /* Security.framework */,
				CB76791C1B5D942400E91F14 /* QuartzCore.framework */,
				CB76791A1B5D941D00E91F14 /* CoreLocation.framework */,
				CB7679181B5D941400E91F14 /* CoreGraphics.framework */,
				CB7679161B5D941000E91F14 /* CFNetwork.framework */,
				CB7679141B5D940A00E91F14 /* AudioToolbox.framework */,
				CB7679121B5D93FF00E91F14 /* Accounts.framework */,
				CB7678E21B5D93BF00E91F14 /* DailyPicChallenge */,
				CB7678F81B5D93BF00E91F14 /* DailyPicChallengeTests */,
				CB7678E11B5D93BF00E91F14 /* Products */,
				CF62B6FFC26C60741D9F94BE /* Pods */,
				BEC0722A2A1E5B4599D33971 /* Frameworks */,
			);
			sourceTree = "<group>";
		};
		CB7678E11B5D93BF00E91F14 /* Products */ = {
			isa = PBXGroup;
			children = (
				CB7678E01B5D93BF00E91F14 /* DailyPicChallenge.app */,
				CB7678F51B5D93BF00E91F14 /* DailyPicChallengeTests.xctest */,
			);
			name = Products;
			sourceTree = "<group>";
		};
		CB7678E21B5D93BF00E91F14 /* DailyPicChallenge */ = {
			isa = PBXGroup;
			children = (
				CB7678E51B5D93BF00E91F14 /* AppDelegate.swift */,
				CB7678E91B5D93BF00E91F14 /* Main.storyboard */,
				CB7678EC1B5D93BF00E91F14 /* Images.xcassets */,
				CB7678EE1B5D93BF00E91F14 /* LaunchScreen.xib */,
				CB7678E31B5D93BF00E91F14 /* Supporting Files */,
				CB76792A1B5D95F800E91F14 /* TodaysPicsViewController.swift */,
				CB445AE61B7183B5007A5F68 /* WinnerViewController.swift */,
				CB76792C1B5D960800E91F14 /* CameraViewController.swift */,
				CB76792E1B5EAFA300E91F14 /* Picture.swift */,
				CB767B161B615FA800E91F14 /* Post.swift */,
				CB23306E1B62DFBF00C99A75 /* Challenge.swift */,
				CB445AE41B717FF8007A5F68 /* Winner.swift */,
				CB433E9D1B66F76A007A124C /* Vote.swift */,
				CB6FCAB61B6BF6F900E2724B /* FlaggedContent.swift */,
				CB2330701B63599D00C99A75 /* PostTableViewCell.swift */,
				CB445AE81B718654007A5F68 /* WinnerTableViewCell.swift */,
				CB2330721B635F1E00C99A75 /* ParseHelper.swift */,
			);
			path = DailyPicChallenge;
			sourceTree = "<group>";
		};
		CB7678E31B5D93BF00E91F14 /* Supporting Files */ = {
			isa = PBXGroup;
			children = (
				CB7678E41B5D93BF00E91F14 /* Info.plist */,
			);
			name = "Supporting Files";
			sourceTree = "<group>";
		};
		CB7678F81B5D93BF00E91F14 /* DailyPicChallengeTests */ = {
			isa = PBXGroup;
			children = (
				CB7678FB1B5D93BF00E91F14 /* DailyPicChallengeTests.swift */,
				CB7678F91B5D93BF00E91F14 /* Supporting Files */,
			);
			path = DailyPicChallengeTests;
			sourceTree = "<group>";
		};
		CB7678F91B5D93BF00E91F14 /* Supporting Files */ = {
			isa = PBXGroup;
			children = (
				CB7678FA1B5D93BF00E91F14 /* Info.plist */,
			);
			name = "Supporting Files";
			sourceTree = "<group>";
		};
		CF62B6FFC26C60741D9F94BE /* Pods */ = {
			isa = PBXGroup;
			children = (
				EFAC237CBF9241288B5465E5 /* Pods-DailyPicChallenge.debug.xcconfig */,
				566C9501149FCB51620BEEF5 /* Pods-DailyPicChallenge.release.xcconfig */,
			);
			name = Pods;
			sourceTree = "<group>";
		};
/* End PBXGroup section */

/* Begin PBXNativeTarget section */
		CB7678DF1B5D93BF00E91F14 /* DailyPicChallenge */ = {
			isa = PBXNativeTarget;
			buildConfigurationList = CB7678FF1B5D93BF00E91F14 /* Build configuration list for PBXNativeTarget "DailyPicChallenge" */;
			buildPhases = (
				2B196CFF3336A000F3C7F278 /* Check Pods Manifest.lock */,
				CB7678DC1B5D93BF00E91F14 /* Sources */,
				CB7678DD1B5D93BF00E91F14 /* Frameworks */,
				CB7678DE1B5D93BF00E91F14 /* Resources */,
				75295C8232BEAAB63826AE41 /* Embed Pods Frameworks */,
				B79005176A310497029E8C6C /* Copy Pods Resources */,
			);
			buildRules = (
			);
			dependencies = (
			);
			name = DailyPicChallenge;
			productName = DailyPicChallenge;
			productReference = CB7678E01B5D93BF00E91F14 /* DailyPicChallenge.app */;
			productType = "com.apple.product-type.application";
		};
		CB7678F41B5D93BF00E91F14 /* DailyPicChallengeTests */ = {
			isa = PBXNativeTarget;
			buildConfigurationList = CB7679021B5D93BF00E91F14 /* Build configuration list for PBXNativeTarget "DailyPicChallengeTests" */;
			buildPhases = (
				CB7678F11B5D93BF00E91F14 /* Sources */,
				CB7678F21B5D93BF00E91F14 /* Frameworks */,
				CB7678F31B5D93BF00E91F14 /* Resources */,
			);
			buildRules = (
			);
			dependencies = (
				CB7678F71B5D93BF00E91F14 /* PBXTargetDependency */,
			);
			name = DailyPicChallengeTests;
			productName = DailyPicChallengeTests;
			productReference = CB7678F51B5D93BF00E91F14 /* DailyPicChallengeTests.xctest */;
			productType = "com.apple.product-type.bundle.unit-test";
		};
/* End PBXNativeTarget section */

/* Begin PBXProject section */
		CB7678D81B5D93BF00E91F14 /* Project object */ = {
			isa = PBXProject;
			attributes = {
				LastUpgradeCheck = 0640;
				ORGANIZATIONNAME = "Laikh Tewari";
				TargetAttributes = {
					CB7678DF1B5D93BF00E91F14 = {
						CreatedOnToolsVersion = 6.4;
						DevelopmentTeam = WY2666SGG8;
					};
					CB7678F41B5D93BF00E91F14 = {
						CreatedOnToolsVersion = 6.4;
						TestTargetID = CB7678DF1B5D93BF00E91F14;
					};
				};
			};
			buildConfigurationList = CB7678DB1B5D93BF00E91F14 /* Build configuration list for PBXProject "DailyPicChallenge" */;
			compatibilityVersion = "Xcode 3.2";
			developmentRegion = English;
			hasScannedForEncodings = 0;
			knownRegions = (
				en,
				Base,
			);
			mainGroup = CB7678D71B5D93BF00E91F14;
			productRefGroup = CB7678E11B5D93BF00E91F14 /* Products */;
			projectDirPath = "";
			projectRoot = "";
			targets = (
				CB7678DF1B5D93BF00E91F14 /* DailyPicChallenge */,
				CB7678F41B5D93BF00E91F14 /* DailyPicChallengeTests */,
			);
		};
/* End PBXProject section */

/* Begin PBXResourcesBuildPhase section */
		CB7678DE1B5D93BF00E91F14 /* Resources */ = {
			isa = PBXResourcesBuildPhase;
			buildActionMask = 2147483647;
			files = (
				CB7678EB1B5D93BF00E91F14 /* Main.storyboard in Resources */,
				CB7678F01B5D93BF00E91F14 /* LaunchScreen.xib in Resources */,
				CB7678ED1B5D93BF00E91F14 /* Images.xcassets in Resources */,
			);
			runOnlyForDeploymentPostprocessing = 0;
		};
		CB7678F31B5D93BF00E91F14 /* Resources */ = {
			isa = PBXResourcesBuildPhase;
			buildActionMask = 2147483647;
			files = (
			);
			runOnlyForDeploymentPostprocessing = 0;
		};
/* End PBXResourcesBuildPhase section */

/* Begin PBXShellScriptBuildPhase section */
		2B196CFF3336A000F3C7F278 /* Check Pods Manifest.lock */ = {
			isa = PBXShellScriptBuildPhase;
			buildActionMask = 2147483647;
			files = (
			);
			inputPaths = (
			);
			name = "Check Pods Manifest.lock";
			outputPaths = (
			);
			runOnlyForDeploymentPostprocessing = 0;
			shellPath = /bin/sh;
			shellScript = "diff \"${PODS_ROOT}/../Podfile.lock\" \"${PODS_ROOT}/Manifest.lock\" > /dev/null\nif [[ $? != 0 ]] ; then\n    cat << EOM\nerror: The sandbox is not in sync with the Podfile.lock. Run 'pod install' or update your CocoaPods installation.\nEOM\n    exit 1\nfi\n";
			showEnvVarsInLog = 0;
		};
		75295C8232BEAAB63826AE41 /* Embed Pods Frameworks */ = {
			isa = PBXShellScriptBuildPhase;
			buildActionMask = 2147483647;
			files = (
			);
			inputPaths = (
			);
			name = "Embed Pods Frameworks";
			outputPaths = (
			);
			runOnlyForDeploymentPostprocessing = 0;
			shellPath = /bin/sh;
			shellScript = "\"${SRCROOT}/Pods/Target Support Files/Pods-DailyPicChallenge/Pods-DailyPicChallenge-frameworks.sh\"\n";
			showEnvVarsInLog = 0;
		};
		B79005176A310497029E8C6C /* Copy Pods Resources */ = {
			isa = PBXShellScriptBuildPhase;
			buildActionMask = 2147483647;
			files = (
			);
			inputPaths = (
			);
			name = "Copy Pods Resources";
			outputPaths = (
			);
			runOnlyForDeploymentPostprocessing = 0;
			shellPath = /bin/sh;
			shellScript = "\"${SRCROOT}/Pods/Target Support Files/Pods-DailyPicChallenge/Pods-DailyPicChallenge-resources.sh\"\n";
			showEnvVarsInLog = 0;
		};
/* End PBXShellScriptBuildPhase section */

/* Begin PBXSourcesBuildPhase section */
		CB7678DC1B5D93BF00E91F14 /* Sources */ = {
			isa = PBXSourcesBuildPhase;
			buildActionMask = 2147483647;
			files = (
				CB2330711B63599D00C99A75 /* PostTableViewCell.swift in Sources */,
				CB76792F1B5EAFA300E91F14 /* Picture.swift in Sources */,
				CB23306F1B62DFBF00C99A75 /* Challenge.swift in Sources */,
				CB7678E61B5D93BF00E91F14 /* AppDelegate.swift in Sources */,
				CB76792B1B5D95F800E91F14 /* TodaysPicsViewController.swift in Sources */,
				CB76792D1B5D960800E91F14 /* CameraViewController.swift in Sources */,
				CB445AE51B717FF8007A5F68 /* Winner.swift in Sources */,
				CB767B171B615FA900E91F14 /* Post.swift in Sources */,
				CB433E9E1B66F76A007A124C /* Vote.swift in Sources */,
				CB6FCAB71B6BF6F900E2724B /* FlaggedContent.swift in Sources */,
				CB445AE91B718654007A5F68 /* WinnerTableViewCell.swift in Sources */,
				CB2330731B635F1E00C99A75 /* ParseHelper.swift in Sources */,
				CB445AE71B7183B5007A5F68 /* WinnerViewController.swift in Sources */,
			);
			runOnlyForDeploymentPostprocessing = 0;
		};
		CB7678F11B5D93BF00E91F14 /* Sources */ = {
			isa = PBXSourcesBuildPhase;
			buildActionMask = 2147483647;
			files = (
				CB7678FC1B5D93BF00E91F14 /* DailyPicChallengeTests.swift in Sources */,
			);
			runOnlyForDeploymentPostprocessing = 0;
		};
/* End PBXSourcesBuildPhase section */

/* Begin PBXTargetDependency section */
		CB7678F71B5D93BF00E91F14 /* PBXTargetDependency */ = {
			isa = PBXTargetDependency;
			target = CB7678DF1B5D93BF00E91F14 /* DailyPicChallenge */;
			targetProxy = CB7678F61B5D93BF00E91F14 /* PBXContainerItemProxy */;
		};
/* End PBXTargetDependency section */

/* Begin PBXVariantGroup section */
		CB7678E91B5D93BF00E91F14 /* Main.storyboard */ = {
			isa = PBXVariantGroup;
			children = (
				CB7678EA1B5D93BF00E91F14 /* Base */,
			);
			name = Main.storyboard;
			sourceTree = "<group>";
		};
		CB7678EE1B5D93BF00E91F14 /* LaunchScreen.xib */ = {
			isa = PBXVariantGroup;
			children = (
				CB7678EF1B5D93BF00E91F14 /* Base */,
			);
			name = LaunchScreen.xib;
			sourceTree = "<group>";
		};
/* End PBXVariantGroup section */

/* Begin XCBuildConfiguration section */
		CB7678FD1B5D93BF00E91F14 /* Debug */ = {
			isa = XCBuildConfiguration;
			buildSettings = {
				ALWAYS_SEARCH_USER_PATHS = NO;
				CLANG_CXX_LANGUAGE_STANDARD = "gnu++0x";
				CLANG_CXX_LIBRARY = "libc++";
				CLANG_ENABLE_MODULES = YES;
				CLANG_ENABLE_OBJC_ARC = YES;
				CLANG_WARN_BOOL_CONVERSION = YES;
				CLANG_WARN_CONSTANT_CONVERSION = YES;
				CLANG_WARN_DIRECT_OBJC_ISA_USAGE = YES_ERROR;
				CLANG_WARN_EMPTY_BODY = YES;
				CLANG_WARN_ENUM_CONVERSION = YES;
				CLANG_WARN_INT_CONVERSION = YES;
				CLANG_WARN_OBJC_ROOT_CLASS = YES_ERROR;
				CLANG_WARN_UNREACHABLE_CODE = YES;
				CLANG_WARN__DUPLICATE_METHOD_MATCH = YES;
				"CODE_SIGN_IDENTITY[sdk=iphoneos*]" = "iPhone Developer";
				COPY_PHASE_STRIP = NO;
				DEBUG_INFORMATION_FORMAT = "dwarf-with-dsym";
				ENABLE_STRICT_OBJC_MSGSEND = YES;
				GCC_C_LANGUAGE_STANDARD = gnu99;
				GCC_DYNAMIC_NO_PIC = NO;
				GCC_NO_COMMON_BLOCKS = YES;
				GCC_OPTIMIZATION_LEVEL = 0;
				GCC_PREPROCESSOR_DEFINITIONS = (
					"DEBUG=1",
					"$(inherited)",
				);
				GCC_SYMBOLS_PRIVATE_EXTERN = NO;
				GCC_WARN_64_TO_32_BIT_CONVERSION = YES;
				GCC_WARN_ABOUT_RETURN_TYPE = YES_ERROR;
				GCC_WARN_UNDECLARED_SELECTOR = YES;
				GCC_WARN_UNINITIALIZED_AUTOS = YES_AGGRESSIVE;
				GCC_WARN_UNUSED_FUNCTION = YES;
				GCC_WARN_UNUSED_VARIABLE = YES;
				IPHONEOS_DEPLOYMENT_TARGET = 8.4;
				MTL_ENABLE_DEBUG_INFO = YES;
				ONLY_ACTIVE_ARCH = YES;
				OTHER_LDFLAGS = "$(inherited)";
				SDKROOT = iphoneos;
				SWIFT_OPTIMIZATION_LEVEL = "-Onone";
				TARGETED_DEVICE_FAMILY = "1,2";
			};
			name = Debug;
		};
		CB7678FE1B5D93BF00E91F14 /* Release */ = {
			isa = XCBuildConfiguration;
			buildSettings = {
				ALWAYS_SEARCH_USER_PATHS = NO;
				CLANG_CXX_LANGUAGE_STANDARD = "gnu++0x";
				CLANG_CXX_LIBRARY = "libc++";
				CLANG_ENABLE_MODULES = YES;
				CLANG_ENABLE_OBJC_ARC = YES;
				CLANG_WARN_BOOL_CONVERSION = YES;
				CLANG_WARN_CONSTANT_CONVERSION = YES;
				CLANG_WARN_DIRECT_OBJC_ISA_USAGE = YES_ERROR;
				CLANG_WARN_EMPTY_BODY = YES;
				CLANG_WARN_ENUM_CONVERSION = YES;
				CLANG_WARN_INT_CONVERSION = YES;
				CLANG_WARN_OBJC_ROOT_CLASS = YES_ERROR;
				CLANG_WARN_UNREACHABLE_CODE = YES;
				CLANG_WARN__DUPLICATE_METHOD_MATCH = YES;
				"CODE_SIGN_IDENTITY[sdk=iphoneos*]" = "iPhone Developer";
				COPY_PHASE_STRIP = NO;
				DEBUG_INFORMATION_FORMAT = "dwarf-with-dsym";
				ENABLE_NS_ASSERTIONS = NO;
				ENABLE_STRICT_OBJC_MSGSEND = YES;
				GCC_C_LANGUAGE_STANDARD = gnu99;
				GCC_NO_COMMON_BLOCKS = YES;
				GCC_WARN_64_TO_32_BIT_CONVERSION = YES;
				GCC_WARN_ABOUT_RETURN_TYPE = YES_ERROR;
				GCC_WARN_UNDECLARED_SELECTOR = YES;
				GCC_WARN_UNINITIALIZED_AUTOS = YES_AGGRESSIVE;
				GCC_WARN_UNUSED_FUNCTION = YES;
				GCC_WARN_UNUSED_VARIABLE = YES;
				IPHONEOS_DEPLOYMENT_TARGET = 8.4;
				MTL_ENABLE_DEBUG_INFO = NO;
				OTHER_LDFLAGS = "$(inherited)";
				SDKROOT = iphoneos;
				TARGETED_DEVICE_FAMILY = "1,2";
				VALIDATE_PRODUCT = YES;
			};
			name = Release;
		};
		CB7679001B5D93BF00E91F14 /* Debug */ = {
			isa = XCBuildConfiguration;
			baseConfigurationReference = EFAC237CBF9241288B5465E5 /* Pods-DailyPicChallenge.debug.xcconfig */;
			buildSettings = {
				ASSETCATALOG_COMPILER_APPICON_NAME = AppIcon;
				CLANG_ENABLE_MODULES = YES;
				CLANG_ENABLE_OBJC_ARC = YES;
				CLANG_LINK_OBJC_RUNTIME = YES;
				CLANG_MODULES_AUTOLINK = YES;
				CODE_SIGN_IDENTITY = "iPhone Developer";
				"CODE_SIGN_IDENTITY[sdk=iphoneos*]" = "iPhone Developer";
				FRAMEWORK_SEARCH_PATHS = (
					"$(inherited)",
					"$(PROJECT_DIR)/parse-library-1",
					"$(PROJECT_DIR)/build/Debug-iphoneos/Pods-DailyPicChallenge",
				);
				GCC_ENABLE_OBJC_EXCEPTIONS = YES;
				INFOPLIST_FILE = DailyPicChallenge/Info.plist;
				LD_RUNPATH_SEARCH_PATHS = "$(inherited) @executable_path/Frameworks";
				PRODUCT_NAME = "$(TARGET_NAME)";
				PROVISIONING_PROFILE = "";
			};
			name = Debug;
		};
		CB7679011B5D93BF00E91F14 /* Release */ = {
			isa = XCBuildConfiguration;
			baseConfigurationReference = 566C9501149FCB51620BEEF5 /* Pods-DailyPicChallenge.release.xcconfig */;
			buildSettings = {
				ASSETCATALOG_COMPILER_APPICON_NAME = AppIcon;
				CLANG_ENABLE_MODULES = YES;
				CLANG_ENABLE_OBJC_ARC = YES;
				CLANG_LINK_OBJC_RUNTIME = YES;
				CLANG_MODULES_AUTOLINK = YES;
				CODE_SIGN_IDENTITY = "iPhone Developer";
				"CODE_SIGN_IDENTITY[sdk=iphoneos*]" = "iPhone Developer";
				FRAMEWORK_SEARCH_PATHS = (
					"$(inherited)",
					"$(PROJECT_DIR)/parse-library-1",
					"$(PROJECT_DIR)/build/Debug-iphoneos/Pods-DailyPicChallenge",
				);
				GCC_ENABLE_OBJC_EXCEPTIONS = YES;
				INFOPLIST_FILE = DailyPicChallenge/Info.plist;
				LD_RUNPATH_SEARCH_PATHS = "$(inherited) @executable_path/Frameworks";
				PRODUCT_NAME = "$(TARGET_NAME)";
				PROVISIONING_PROFILE = "";
			};
			name = Release;
		};
		CB7679031B5D93BF00E91F14 /* Debug */ = {
			isa = XCBuildConfiguration;
			buildSettings = {
				BUNDLE_LOADER = "$(TEST_HOST)";
				FRAMEWORK_SEARCH_PATHS = (
					"$(SDKROOT)/Developer/Library/Frameworks",
					"$(inherited)",
				);
				GCC_PREPROCESSOR_DEFINITIONS = (
					"DEBUG=1",
					"$(inherited)",
				);
				INFOPLIST_FILE = DailyPicChallengeTests/Info.plist;
				LD_RUNPATH_SEARCH_PATHS = "$(inherited) @executable_path/Frameworks @loader_path/Frameworks";
				PRODUCT_NAME = "$(TARGET_NAME)";
				TEST_HOST = "$(BUILT_PRODUCTS_DIR)/DailyPicChallenge.app/DailyPicChallenge";
			};
			name = Debug;
		};
		CB7679041B5D93BF00E91F14 /* Release */ = {
			isa = XCBuildConfiguration;
			buildSettings = {
				BUNDLE_LOADER = "$(TEST_HOST)";
				FRAMEWORK_SEARCH_PATHS = (
					"$(SDKROOT)/Developer/Library/Frameworks",
					"$(inherited)",
				);
				INFOPLIST_FILE = DailyPicChallengeTests/Info.plist;
				LD_RUNPATH_SEARCH_PATHS = "$(inherited) @executable_path/Frameworks @loader_path/Frameworks";
				PRODUCT_NAME = "$(TARGET_NAME)";
				TEST_HOST = "$(BUILT_PRODUCTS_DIR)/DailyPicChallenge.app/DailyPicChallenge";
			};
			name = Release;
		};
/* End XCBuildConfiguration section */

/* Begin XCConfigurationList section */
		CB7678DB1B5D93BF00E91F14 /* Build configuration list for PBXProject "DailyPicChallenge" */ = {
			isa = XCConfigurationList;
			buildConfigurations = (
				CB7678FD1B5D93BF00E91F14 /* Debug */,
				CB7678FE1B5D93BF00E91F14 /* Release */,
			);
			defaultConfigurationIsVisible = 0;
			defaultConfigurationName = Release;
		};
		CB7678FF1B5D93BF00E91F14 /* Build configuration list for PBXNativeTarget "DailyPicChallenge" */ = {
			isa = XCConfigurationList;
			buildConfigurations = (
				CB7679001B5D93BF00E91F14 /* Debug */,
				CB7679011B5D93BF00E91F14 /* Release */,
			);
			defaultConfigurationIsVisible = 0;
			defaultConfigurationName = Release;
		};
		CB7679021B5D93BF00E91F14 /* Build configuration list for PBXNativeTarget "DailyPicChallengeTests" */ = {
			isa = XCConfigurationList;
			buildConfigurations = (
				CB7679031B5D93BF00E91F14 /* Debug */,
				CB7679041B5D93BF00E91F14 /* Release */,
			);
			defaultConfigurationIsVisible = 0;
			defaultConfigurationName = Release;
		};
/* End XCConfigurationList section */
	};
	rootObject = CB7678D81B5D93BF00E91F14 /* Project object */;
}
